
Microsoft Visual Studio Solution File, Format Version 12.00
# Visual Studio 2013
VisualStudioVersion = 12.0.21005.1
MinimumVisualStudioVersion = 10.0.40219.1
Project("{FAE04EC0-301F-11D3-BF4B-00C04F79EFBC}") = "as_autoclicker", "as_autotalker\as_autoclicker.csproj", "{40026410-E5C4-4257-A4FC-94B8F8CD89FA}"
EndProject
Global
	GlobalSection(SolutionConfigurationPlatforms) = preSolution
		Debug|Any CPU = Debug|Any CPU
		Release|Any CPU = Release|Any CPU
	EndGlobalSection
	GlobalSection(ProjectConfigurationPlatforms) = postSolution
		{40026410-E5C4-4257-A4FC-94B8F8CD89FA}.Debug|Any CPU.ActiveCfg = Debug|Any CPU
		{40026410-E5C4-4257-A4FC-94B8F8CD89FA}.Debug|Any CPU.Build.0 = Debug|Any CPU
		{40026410-E5C4-4257-A4FC-94B8F8CD89FA}.Release|Any CPU.ActiveCfg = Release|Any CPU
		{40026410-E5C4-4257-A4FC-94B8F8CD89FA}.Release|Any CPU.Build.0 = Release|Any CPU
	EndGlobalSection
	GlobalSection(SolutionProperties) = preSolution
		HideSolutionNode = FALSE
	EndGlobalSection
EndGlobal
